{
  "name": "js-crud-app",
  "version": "1.0.0",
  "lockfileVersion": 1,
  "requires": true,
  "dependencies": {
    "uniqid": {
      "version": "5.3.0",
      "resolved": "https://registry.npmjs.org/uniqid/-/uniqid-5.3.0.tgz",
      "integrity": "sha512-Jq8EzvAT8/CcLu8tzoSiylnzPkNhJJKpnMT964Dj1jI4pG4sKYP9aFVByNTp8KzMvYlW1Um63PCDqtOoujNzrA=="
    },
    "uuid": {
      "version": "8.3.2",
      "resolved": "https://registry.npmjs.org/uuid/-/uuid-8.3.2.tgz",
      "integrity": "sha512-+NYs2QeMWy+GWFOEm9xnn6HCDp0l7QBD7ml8zLUmJ+93Q5NF0NocErnwkTkXVFNiX3/fpC6afS8Dhb/gz7R7eg=="
    }
  }
}
